// !$*UTF8*$!
{
	archiveVersion = 1;
	classes = {
	};
	objectVersion = 48;
	objects = {

/* Begin PBXBuildFile section */
		2247482591D4F2A8A48CC485 /* libPods-SliderView.a in Frameworks */ = {isa = PBXBuildFile; fileRef = 99074CE269CD3265C091B9E4 /* libPods-SliderView.a */; };
		CA12BAE4206B2E9200A1B453 /* AppDelegate.m in Sources */ = {isa = PBXBuildFile; fileRef = CA12BAE3206B2E9200A1B453 /* AppDelegate.m */; };
		CA12BAE7206B2E9200A1B453 /* ViewController.m in Sources */ = {isa = PBXBuildFile; fileRef = CA12BAE6206B2E9200A1B453 /* ViewController.m */; };
		CA12BAEA206B2E9200A1B453 /* Main.storyboard in Resources */ = {isa = PBXBuildFile; fileRef = CA12BAE8206B2E9200A1B453 /* Main.storyboard */; };
		CA12BAEC206B2E9200A1B453 /* Assets.xcassets in Resources */ = {isa = PBXBuildFile; fileRef = CA12BAEB206B2E9200A1B453 /* Assets.xcassets */; };
		CA12BAEF206B2E9200A1B453 /* LaunchScreen.storyboard in Resources */ = {isa = PBXBuildFile; fileRef = CA12BAED206B2E9200A1B453 /* LaunchScreen.storyboard */; };
		CA12BAF2206B2E9200A1B453 /* main.m in Sources */ = {isa = PBXBuildFile; fileRef = CA12BAF1206B2E9200A1B453 /* main.m */; };
		CA12BAFA206B2F5400A1B453 /* JCSliderShowVC.m in Sources */ = {isa = PBXBuildFile; fileRef = CA12BAF9206B2F5400A1B453 /* JCSliderShowVC.m */; };
/* End PBXBuildFile section */

/* Begin PBXFileReference section */
		99074CE269CD3265C091B9E4 /* libPods-SliderView.a */ = {isa = PBXFileReference; explicitFileType = archive.ar; includeInIndex = 0; path = "libPods-SliderView.a"; sourceTree = BUILT_PRODUCTS_DIR; };
		CA12BADF206B2E9200A1B453 /* SliderView.app */ = {isa = PBXFileReference; explicitFileType = wrapper.application; includeInIndex = 0; path = SliderView.app; sourceTree = BUILT_PRODUCTS_DIR; };
		CA12BAE2206B2E9200A1B453 /* AppDelegate.h */ = {isa = PBXFileReference; lastKnownFileType = sourcecode.c.h; path = AppDelegate.h; sourceTree = "<group>"; };
		CA12BAE3206B2E9200A1B453 /* AppDelegate.m */ = {isa = PBXFileReference; lastKnownFileType = sourcecode.c.objc; path = AppDelegate.m; sourceTree = "<group>"; };
		CA12BAE5206B2E9200A1B453 /* ViewController.h */ = {isa = PBXFileReference; lastKnownFileType = sourcecode.c.h; path = ViewController.h; sourceTree = "<group>"; };
		CA12BAE6206B2E9200A1B453 /* ViewController.m */ = {isa = PBXFileReference; lastKnownFileType = sourcecode.c.objc; path = ViewController.m; sourceTree = "<group>"; };
		CA12BAE9206B2E9200A1B453 /* Base */ = {isa = PBXFileReference; lastKnownFileType = file.storyboard; name = Base; path = Base.lproj/Main.storyboard; sourceTree = "<group>"; };
		CA12BAEB206B2E9200A1B453 /* Assets.xcassets */ = {isa = PBXFileReference; lastKnownFileType = folder.assetcatalog; path = Assets.xcassets; sourceTree = "<group>"; };
		CA12BAEE206B2E9200A1B453 /* Base */ = {isa = PBXFileReference; lastKnownFileType = file.storyboard; name = Base; path = Base.lproj/LaunchScreen.storyboard; sourceTree = "<group>"; };
		CA12BAF0206B2E9200A1B453 /* Info.plist */ = {isa = PBXFileReference; lastKnownFileType = text.plist.xml; path = Info.plist; sourceTree = "<group>"; };
		CA12BAF1206B2E9200A1B453 /* main.m */ = {isa = PBXFileReference; lastKnownFileType = sourcecode.c.objc; path = main.m; sourceTree = "<group>"; };
		CA12BAF8206B2F5400A1B453 /* JCSliderShowVC.h */ = {isa = PBXFileReference; fileEncoding = 4; lastKnownFileType = sourcecode.c.h; path = JCSliderShowVC.h; sourceTree = "<group>"; };
		CA12BAF9206B2F5400A1B453 /* JCSliderShowVC.m */ = {isa = PBXFileReference; fileEncoding = 4; lastKnownFileType = sourcecode.c.objc; path = JCSliderShowVC.m; sourceTree = "<group>"; };
		EBEBD7C72CE421824C81E836 /* Pods-SliderView.release.xcconfig */ = {isa = PBXFileReference; includeInIndex = 1; lastKnownFileType = text.xcconfig; name = "Pods-SliderView.release.xcconfig"; path = "Pods/Target Support Files/Pods-SliderView/Pods-SliderView.release.xcconfig"; sourceTree = "<group>"; };
		FEAF1C3641012E6A1DE02CEA /* Pods-SliderView.debug.xcconfig */ = {isa = PBXFileReference; includeInIndex = 1; lastKnownFileType = text.xcconfig; name = "Pods-SliderView.debug.xcconfig"; path = "Pods/Target Support Files/Pods-SliderView/Pods-SliderView.debug.xcconfig"; sourceTree = "<group>"; };
/* End PBXFileReference section */

/* Begin PBXFrameworksBuildPhase section */
		CA12BADC206B2E9200A1B453 /* Frameworks */ = {
			isa = PBXFrameworksBuildPhase;
			buildActionMask = 2147483647;
			files = (
				2247482591D4F2A8A48CC485 /* libPods-SliderView.a in Frameworks */,
			);
			runOnlyForDeploymentPostprocessing = 0;
		};
/* End PBXFrameworksBuildPhase section */

/* Begin PBXGroup section */
		13E3255A2CD3874A12E0244F /* Pods */ = {
			isa = PBXGroup;
			children = (
				FEAF1C3641012E6A1DE02CEA /* Pods-SliderView.debug.xcconfig */,
				EBEBD7C72CE421824C81E836 /* Pods-SliderView.release.xcconfig */,
			);
			name = Pods;
			sourceTree = "<group>";
		};
		AC8F5679AE4A83A1DA153D83 /* Frameworks */ = {
			isa = PBXGroup;
			children = (
				99074CE269CD3265C091B9E4 /* libPods-SliderView.a */,
			);
			name = Frameworks;
			sourceTree = "<group>";
		};
		CA12BAD6206B2E9200A1B453 = {
			isa = PBXGroup;
			children = (
				CA12BAE1206B2E9200A1B453 /* SliderView */,
				CA12BAE0206B2E9200A1B453 /* Products */,
				13E3255A2CD3874A12E0244F /* Pods */,
				AC8F5679AE4A83A1DA153D83 /* Frameworks */,
			);
			sourceTree = "<group>";
		};
		CA12BAE0206B2E9200A1B453 /* Products */ = {
			isa = PBXGroup;
			children = (
				CA12BADF206B2E9200A1B453 /* SliderView.app */,
			);
			name = Products;
			sourceTree = "<group>";
		};
		CA12BAE1206B2E9200A1B453 /* SliderView */ = {
			isa = PBXGroup;
			children = (
				CA12BAF8206B2F5400A1B453 /* JCSliderShowVC.h */,
				CA12BAF9206B2F5400A1B453 /* JCSliderShowVC.m */,
				CA12BAE2206B2E9200A1B453 /* AppDelegate.h */,
				CA12BAE3206B2E9200A1B453 /* AppDelegate.m */,
				CA12BAE5206B2E9200A1B453 /* ViewController.h */,
				CA12BAE6206B2E9200A1B453 /* ViewController.m */,
				CA12BAE8206B2E9200A1B453 /* Main.storyboard */,
				CA12BAEB206B2E9200A1B453 /* Assets.xcassets */,
				CA12BAED206B2E9200A1B453 /* LaunchScreen.storyboard */,
				CA12BAF0206B2E9200A1B453 /* Info.plist */,
				CA12BAF1206B2E9200A1B453 /* main.m */,
			);
			path = SliderView;
			sourceTree = "<group>";
		};
/* End PBXGroup section */

/* Begin PBXNativeTarget section */
		CA12BADE206B2E9200A1B453 /* SliderView */ = {
			isa = PBXNativeTarget;
			buildConfigurationList = CA12BAF5206B2E9200A1B453 /* Build configuration list for PBXNativeTarget "SliderView" */;
			buildPhases = (
				429FF17464972F42B99979DE /* [CP] Check Pods Manifest.lock */,
				CA12BADB206B2E9200A1B453 /* Sources */,
				CA12BADC206B2E9200A1B453 /* Frameworks */,
				CA12BADD206B2E9200A1B453 /* Resources */,
				2CFDA69E3EA2159BD6C2D335 /* [CP] Embed Pods Frameworks */,
				54647BF2A780DE90A39B46F2 /* [CP] Copy Pods Resources */,
			);
			buildRules = (
			);
			dependencies = (
			);
			name = SliderView;
			productName = SliderView;
			productReference = CA12BADF206B2E9200A1B453 /* SliderView.app */;
			productType = "com.apple.product-type.application";
		};
/* End PBXNativeTarget section */

/* Begin PBXProject section */
		CA12BAD7206B2E9200A1B453 /* Project object */ = {
			isa = PBXProject;
			attributes = {
				LastUpgradeCheck = 0920;
				ORGANIZATIONNAME = "869518570@qq.com";
				TargetAttributes = {
					CA12BADE206B2E9200A1B453 = {
						CreatedOnToolsVersion = 9.2;
						ProvisioningStyle = Automatic;
					};
				};
			};
			buildConfigurationList = CA12BADA206B2E9200A1B453 /* Build configuration list for PBXProject "SliderView" */;
			compatibilityVersion = "Xcode 8.0";
			developmentRegion = en;
			hasScannedForEncodings = 0;
			knownRegions = (
				en,
				Base,
			);
			mainGroup = CA12BAD6206B2E9200A1B453;
			productRefGroup = CA12BAE0206B2E9200A1B453 /* Products */;
			projectDirPath = "";
			projectRoot = "";
			targets = (
				CA12BADE206B2E9200A1B453 /* SliderView */,
			);
		};
/* End PBXProject section */

/* Begin PBXResourcesBuildPhase section */
		CA12BADD206B2E9200A1B453 /* Resources */ = {
			isa = PBXResourcesBuildPhase;
			buildActionMask = 2147483647;
			files = (
				CA12BAEF206B2E9200A1B453 /* LaunchScreen.storyboard in Resources */,
				CA12BAEC206B2E9200A1B453 /* Assets.xcassets in Resources */,
				CA12BAEA206B2E9200A1B453 /* Main.storyboard in Resources */,
			);
			runOnlyForDeploymentPostprocessing = 0;
		};
/* End PBXResourcesBuildPhase section */

/* Begin PBXShellScriptBuildPhase section */
		2CFDA69E3EA2159BD6C2D335 /* [CP] Embed Pods Frameworks */ = {
			isa = PBXShellScriptBuildPhase;
			buildActionMask = 2147483647;
			files = (
			);
			inputPaths = (
			);
			name = "[CP] Embed Pods Frameworks";
			outputPaths = (
			);
			runOnlyForDeploymentPostprocessing = 0;
			shellPath = /bin/sh;
			shellScript = "\"${SRCROOT}/Pods/Target Support Files/Pods-SliderView/Pods-SliderView-frameworks.sh\"\n";
			showEnvVarsInLog = 0;
		};
		429FF17464972F42B99979DE /* [CP] Check Pods Manifest.lock */ = {
			isa = PBXShellScriptBuildPhase;
			buildActionMask = 2147483647;
			files = (
			);
			inputPaths = (
				"${PODS_PODFILE_DIR_PATH}/Podfile.lock",
				"${PODS_ROOT}/Manifest.lock",
			);
			name = "[CP] Check Pods Manifest.lock";
			outputPaths = (
				"$(DERIVED_FILE_DIR)/Pods-SliderView-checkManifestLockResult.txt",
			);
			runOnlyForDeploymentPostprocessing = 0;
			shellPath = /bin/sh;
			shellScript = "diff \"${PODS_PODFILE_DIR_PATH}/Podfile.lock\" \"${PODS_ROOT}/Manifest.lock\" > /dev/null\nif [ $? != 0 ] ; then\n    # print error to STDERR\n    echo \"error: The sandbox is not in sync with the Podfile.lock. Run 'pod install' or update your CocoaPods installation.\" >&2\n    exit 1\nfi\n# This output is used by Xcode 'outputs' to avoid re-running this script phase.\necho \"SUCCESS\" > \"${SCRIPT_OUTPUT_FILE_0}\"\n";
			showEnvVarsInLog = 0;
		};
		54647BF2A780DE90A39B46F2 /* [CP] Copy Pods Resources */ = {
			isa = PBXShellScriptBuildPhase;
			buildActionMask = 2147483647;
			files = (
			);
			inputPaths = (
			);
			name = "[CP] Copy Pods Resources";
			outputPaths = (
			);
			runOnlyForDeploymentPostprocessing = 0;
			shellPath = /bin/sh;
			shellScript = "\"${SRCROOT}/Pods/Target Support Files/Pods-SliderView/Pods-SliderView-resources.sh\"\n";
			showEnvVarsInLog = 0;
		};
/* End PBXShellScriptBuildPhase section */

/* Begin PBXSourcesBuildPhase section */
		CA12BADB206B2E9200A1B453 /* Sources */ = {
			isa = PBXSourcesBuildPhase;
			buildActionMask = 2147483647;
			files = (
				CA12BAE7206B2E9200A1B453 /* ViewController.m in Sources */,
				CA12BAFA206B2F5400A1B453 /* JCSliderShowVC.m in Sources */,
				CA12BAF2206B2E9200A1B453 /* main.m in Sources */,
				CA12BAE4206B2E9200A1B453 /* AppDelegate.m in Sources */,
			);
			runOnlyForDeploymentPostprocessing = 0;
		};
/* End PBXSourcesBuildPhase section */

/* Begin PBXVariantGroup section */
		CA12BAE8206B2E9200A1B453 /* Main.storyboard */ = {
			isa = PBXVariantGroup;
			children = (
				CA12BAE9206B2E9200A1B453 /* Base */,
			);
			name = Main.storyboard;
			sourceTree = "<group>";
		};
		CA12BAED206B2E9200A1B453 /* LaunchScreen.storyboard */ = {
			isa = PBXVariantGroup;
			children = (
				CA12BAEE206B2E9200A1B453 /* Base */,
			);
			name = LaunchScreen.storyboard;
			sourceTree = "<group>";
		};
/* End PBXVariantGroup section */

/* Begin XCBuildConfiguration section */
		CA12BAF3206B2E9200A1B453 /* Debug */ = {
			isa = XCBuildConfiguration;
			buildSettings = {
				ALWAYS_SEARCH_USER_PATHS = NO;
				CLANG_ANALYZER_NONNULL = YES;
				CLANG_ANALYZER_NUMBER_OBJECT_CONVERSION = YES_AGGRESSIVE;
				CLANG_CXX_LANGUAGE_STANDARD = "gnu++14";
				CLANG_CXX_LIBRARY = "libc++";
				CLANG_ENABLE_MODULES = YES;
				CLANG_ENABLE_OBJC_ARC = YES;
				CLANG_WARN_BLOCK_CAPTURE_AUTORELEASING = YES;
				CLANG_WARN_BOOL_CONVERSION = YES;
				CLANG_WARN_COMMA = YES;
				CLANG_WARN_CONSTANT_CONVERSION = YES;
				CLANG_WARN_DIRECT_OBJC_ISA_USAGE = YES_ERROR;
				CLANG_WARN_DOCUMENTATION_COMMENTS = YES;
				CLANG_WARN_EMPTY_BODY = YES;
				CLANG_WARN_ENUM_CONVERSION = YES;
				CLANG_WARN_INFINITE_RECURSION = YES;
				CLANG_WARN_INT_CONVERSION = YES;
				CLANG_WARN_NON_LITERAL_NULL_CONVERSION = YES;
				CLANG_WARN_OBJC_LITERAL_CONVERSION = YES;
				CLANG_WARN_OBJC_ROOT_CLASS = YES_ERROR;
				CLANG_WARN_RANGE_LOOP_ANALYSIS = YES;
				CLANG_WARN_STRICT_PROTOTYPES = YES;
				CLANG_WARN_SUSPICIOUS_MOVE = YES;
				CLANG_WARN_UNGUARDED_AVAILABILITY = YES_AGGRESSIVE;
				CLANG_WARN_UNREACHABLE_CODE = YES;
				CLANG_WARN__DUPLICATE_METHOD_MATCH = YES;
				CODE_SIGN_IDENTITY = "iPhone Developer";
				COPY_PHASE_STRIP = NO;
				DEBUG_INFORMATION_FORMAT = dwarf;
				ENABLE_STRICT_OBJC_MSGSEND = YES;
				ENABLE_TESTABILITY = YES;
				GCC_C_LANGUAGE_STANDARD = gnu11;
				GCC_DYNAMIC_NO_PIC = NO;
				GCC_NO_COMMON_BLOCKS = YES;
				GCC_OPTIMIZATION_LEVEL = 0;
				GCC_PREPROCESSOR_DEFINITIONS = (
					"DEBUG=1",
					"$(inherited)",
				);
				GCC_WARN_64_TO_32_BIT_CONVERSION = YES;
				GCC_WARN_ABOUT_RETURN_TYPE = YES_ERROR;
				GCC_WARN_UNDECLARED_SELECTOR = YES;
				GCC_WARN_UNINITIALIZED_AUTOS = YES_AGGRESSIVE;
				GCC_WARN_UNUSED_FUNCTION = YES;
				GCC_WARN_UNUSED_VARIABLE = YES;
				IPHONEOS_DEPLOYMENT_TARGET = 11.2;
				MTL_ENABLE_DEBUG_INFO = YES;
				ONLY_ACTIVE_ARCH = YES;
				SDKROOT = iphoneos;
			};
			name = Debug;
		};
		CA12BAF4206B2E9200A1B453 /* Release */ = {
			isa = XCBuildConfiguration;
			buildSettings = {
				ALWAYS_SEARCH_USER_PATHS = NO;
				CLANG_ANALYZER_NONNULL = YES;
				CLANG_ANALYZER_NUMBER_OBJECT_CONVERSION = YES_AGGRESSIVE;
				CLANG_CXX_LANGUAGE_STANDARD = "gnu++14";
				CLANG_CXX_LIBRARY = "libc++";
				CLANG_ENABLE_MODULES = YES;
				CLANG_ENABLE_OBJC_ARC = YES;
				CLANG_WARN_BLOCK_CAPTURE_AUTORELEASING = YES;
				CLANG_WARN_BOOL_CONVERSION = YES;
				CLANG_WARN_COMMA = YES;
				CLANG_WARN_CONSTANT_CONVERSION = YES;
				CLANG_WARN_DIRECT_OBJC_ISA_USAGE = YES_ERROR;
				CLANG_WARN_DOCUMENTATION_COMMENTS = YES;
				CLANG_WARN_EMPTY_BODY = YES;
				CLANG_WARN_ENUM_CONVERSION = YES;
				CLANG_WARN_INFINITE_RECURSION = YES;
				CLANG_WARN_INT_CONVERSION = YES;
				CLANG_WARN_NON_LITERAL_NULL_CONVERSION = YES;
				CLANG_WARN_OBJC_LITERAL_CONVERSION = YES;
				CLANG_WARN_OBJC_ROOT_CLASS = YES_ERROR;
				CLANG_WARN_RANGE_LOOP_ANALYSIS = YES;
				CLANG_WARN_STRICT_PROTOTYPES = YES;
				CLANG_WARN_SUSPICIOUS_MOVE = YES;
				CLANG_WARN_UNGUARDED_AVAILABILITY = YES_AGGRESSIVE;
				CLANG_WARN_UNREACHABLE_CODE = YES;
				CLANG_WARN__DUPLICATE_METHOD_MATCH = YES;
				CODE_SIGN_IDENTITY = "iPhone Developer";
				COPY_PHASE_STRIP = NO;
				DEBUG_INFORMATION_FORMAT = "dwarf-with-dsym";
				ENABLE_NS_ASSERTIONS = NO;
				ENABLE_STRICT_OBJC_MSGSEND = YES;
				GCC_C_LANGUAGE_STANDARD = gnu11;
				GCC_NO_COMMON_BLOCKS = YES;
				GCC_WARN_64_TO_32_BIT_CONVERSION = YES;
				GCC_WARN_ABOUT_RETURN_TYPE = YES_ERROR;
				GCC_WARN_UNDECLARED_SELECTOR = YES;
				GCC_WARN_UNINITIALIZED_AUTOS = YES_AGGRESSIVE;
				GCC_WARN_UNUSED_FUNCTION = YES;
				GCC_WARN_UNUSED_VARIABLE = YES;
				IPHONEOS_DEPLOYMENT_TARGET = 11.2;
				MTL_ENABLE_DEBUG_INFO = NO;
				SDKROOT = iphoneos;
				VALIDATE_PRODUCT = YES;
			};
			name = Release;
		};
		CA12BAF6206B2E9200A1B453 /* Debug */ = {
			isa = XCBuildConfiguration;
			baseConfigurationReference = FEAF1C3641012E6A1DE02CEA /* Pods-SliderView.debug.xcconfig */;
			buildSettings = {
				ASSETCATALOG_COMPILER_APPICON_NAME = AppIcon;
				CODE_SIGN_STYLE = Automatic;
				DEVELOPMENT_TEAM = L8BLMY9552;
				INFOPLIST_FILE = SliderView/Info.plist;
				IPHONEOS_DEPLOYMENT_TARGET = 9.0;
				LD_RUNPATH_SEARCH_PATHS = "$(inherited) @executable_path/Frameworks";
				PRODUCT_BUNDLE_IDENTIFIER = "com.to-explore-future.SliderView";
				PRODUCT_NAME = "$(TARGET_NAME)";
				TARGETED_DEVICE_FAMILY = "1,2";
			};
			name = Debug;
		};
		CA12BAF7206B2E9200A1B453 /* Release */ = {
			isa = XCBuildConfiguration;
			baseConfigurationReference = EBEBD7C72CE421824C81E836 /* Pods-SliderView.release.xcconfig */;
			buildSettings = {
				ASSETCATALOG_COMPILER_APPICON_NAME = AppIcon;
				CODE_SIGN_STYLE = Automatic;
				DEVELOPMENT_TEAM = L8BLMY9552;
				INFOPLIST_FILE = SliderView/Info.plist;
				IPHONEOS_DEPLOYMENT_TARGET = 9.0;
				LD_RUNPATH_SEARCH_PATHS = "$(inherited) @executable_path/Frameworks";
				PRODUCT_BUNDLE_IDENTIFIER = "com.to-explore-future.SliderView";
				PRODUCT_NAME = "$(TARGET_NAME)";
				TARGETED_DEVICE_FAMILY = "1,2";
			};
			name = Release;
		};
/* End XCBuildConfiguration section */

/* Begin XCConfigurationList section */
		CA12BADA206B2E9200A1B453 /* Build configuration list for PBXProject "SliderView" */ = {
			isa = XCConfigurationList;
			buildConfigurations = (
				CA12BAF3206B2E9200A1B453 /* Debug */,
				CA12BAF4206B2E9200A1B453 /* Release */,
			);
			defaultConfigurationIsVisible = 0;
			defaultConfigurationName = Release;
		};
		CA12BAF5206B2E9200A1B453 /* Build configuration list for PBXNativeTarget "SliderView" */ = {
			isa = XCConfigurationList;
			buildConfigurations = (
				CA12BAF6206B2E9200A1B453 /* Debug */,
				CA12BAF7206B2E9200A1B453 /* Release */,
			);
			defaultConfigurationIsVisible = 0;
			defaultConfigurationName = Release;
		};
/* End XCConfigurationList section */
	};
	rootObject = CA12BAD7206B2E9200A1B453 /* Project object */;
}
